
Microsoft Visual Studio Solution File, Format Version 12.00
# Visual Studio Version 17
VisualStudioVersion = 17.11.35327.3
MinimumVisualStudioVersion = 10.0.40219.1
Project("{9A19103F-16F7-4668-BE54-9A1E7A4F7556}") = "MoneyMe_Loan_API", "MoneyMe_Loan_API\MoneyMe_Loan_API.csproj", "{5CD67D31-43A3-4596-997B-4C733BD18086}"
EndProject
Project("{9A19103F-16F7-4668-BE54-9A1E7A4F7556}") = "MoneyMe_Loan_FrontEnd", "MoneyMe_Loan_FrontEnd\MoneyMe_Loan_FrontEnd.csproj", "{4E3037C2-AD20-4CF6-A816-9A5758BBBFC0}"
EndProject
Project("{FAE04EC0-301F-11D3-BF4B-00C04F79EFBC}") = "MoneyMe_Loan_Test", "MoneyMe_Loan_Test\MoneyMe_Loan_Test.csproj", "{C6C9E489-7D3F-4E1E-B4F8-26B7370A0703}"
EndProject
Global
	GlobalSection(SolutionConfigurationPlatforms) = preSolution
		Debug|Any CPU = Debug|Any CPU
		Release|Any CPU = Release|Any CPU
	EndGlobalSection
	GlobalSection(ProjectConfigurationPlatforms) = postSolution
		{5CD67D31-43A3-4596-997B-4C733BD18086}.Debug|Any CPU.ActiveCfg = Debug|Any CPU
		{5CD67D31-43A3-4596-997B-4C733BD18086}.Debug|Any CPU.Build.0 = Debug|Any CPU
		{5CD67D31-43A3-4596-997B-4C733BD18086}.Release|Any CPU.ActiveCfg = Release|Any CPU
		{5CD67D31-43A3-4596-997B-4C733BD18086}.Release|Any CPU.Build.0 = Release|Any CPU
		{4E3037C2-AD20-4CF6-A816-9A5758BBBFC0}.Debug|Any CPU.ActiveCfg = Debug|Any CPU
		{4E3037C2-AD20-4CF6-A816-9A5758BBBFC0}.Debug|Any CPU.Build.0 = Debug|Any CPU
		{4E3037C2-AD20-4CF6-A816-9A5758BBBFC0}.Release|Any CPU.ActiveCfg = Release|Any CPU
		{4E3037C2-AD20-4CF6-A816-9A5758BBBFC0}.Release|Any CPU.Build.0 = Release|Any CPU
		{C6C9E489-7D3F-4E1E-B4F8-26B7370A0703}.Debug|Any CPU.ActiveCfg = Debug|Any CPU
		{C6C9E489-7D3F-4E1E-B4F8-26B7370A0703}.Debug|Any CPU.Build.0 = Debug|Any CPU
		{C6C9E489-7D3F-4E1E-B4F8-26B7370A0703}.Release|Any CPU.ActiveCfg = Release|Any CPU
		{C6C9E489-7D3F-4E1E-B4F8-26B7370A0703}.Release|Any CPU.Build.0 = Release|Any CPU
	EndGlobalSection
	GlobalSection(SolutionProperties) = preSolution
		HideSolutionNode = FALSE
	EndGlobalSection
	GlobalSection(ExtensibilityGlobals) = postSolution
		SolutionGuid = {B7FA89F6-0C96-45BC-AFD8-237C7287D558}
	EndGlobalSection
EndGlobal
